# This file is automatically @generated by Cargo.
# It is not intended for manual editing.
[[package]]
name = "arrayref"
version = "0.3.6"
source = "registry+https://github.com/rust-lang/crates.io-index"
checksum = "a4c527152e37cf757a3f78aae5a06fbeefdb07ccc535c980a3208ee3060dd544"

[[package]]
name = "arrayvec"
version = "0.5.1"
source = "registry+https://github.com/rust-lang/crates.io-index"
checksum = "cff77d8686867eceff3105329d4698d96c2391c176d5d03adc90c7389162b5b8"

[[package]]
name = "autocfg"
version = "1.0.0"
source = "registry+https://github.com/rust-lang/crates.io-index"
checksum = "f8aac770f1885fd7e387acedd76065302551364496e46b3dd00860b2f8359b9d"

[[package]]
name = "bincode"
version = "1.2.1"
source = "registry+https://github.com/rust-lang/crates.io-index"
checksum = "5753e2a71534719bf3f4e57006c3a4f0d2c672a4b676eec84161f763eca87dbf"
dependencies = [
 "byteorder",
 "serde",
]

[[package]]
name = "bitflags"
version = "1.2.1"
source = "registry+https://github.com/rust-lang/crates.io-index"
checksum = "cf1de2fe8c75bc145a2f577add951f8134889b4795d47466a54a5c846d691693"

[[package]]
name = "blake3"
version = "0.3.2"
source = "registry+https://github.com/rust-lang/crates.io-index"
checksum = "550fc503a8b30d8dcbe2217ab58c3367ada2137e5df2aec91d39f4a53e4ffada"
dependencies = [
 "arrayref",
 "arrayvec",
 "cc",
 "cfg-if",
 "constant_time_eq",
 "crypto-mac",
 "digest",
]

[[package]]
name = "byteorder"
version = "1.3.4"
source = "registry+https://github.com/rust-lang/crates.io-index"
checksum = "08c48aae112d48ed9f069b33538ea9e3e90aa263cfa3d1c24309612b1f7472de"

[[package]]
name = "cc"
version = "1.0.52"
source = "registry+https://github.com/rust-lang/crates.io-index"
checksum = "c3d87b23d6a92cd03af510a5ade527033f6aa6fa92161e2d5863a907d4c5e31d"

[[package]]
name = "cfg-if"
version = "0.1.10"
source = "registry+https://github.com/rust-lang/crates.io-index"
checksum = "4785bdd1c96b2a846b2bd7cc02e86b6b3dbf14e7e53446c4f54c92a361040822"

[[package]]
name = "cloudabi"
version = "0.0.3"
source = "registry+https://github.com/rust-lang/crates.io-index"
checksum = "ddfc5b9aa5d4507acaf872de71051dfd0e309860e88966e1051e462a077aac4f"
dependencies = [
 "bitflags",
]

[[package]]
name = "constant_time_eq"
version = "0.1.5"
source = "registry+https://github.com/rust-lang/crates.io-index"
checksum = "245097e9a4535ee1e3e3931fcfcd55a796a44c643e8596ff6566d68f09b87bbc"

[[package]]
name = "cranelift-bforest"
version = "0.59.0"
source = "registry+https://github.com/rust-lang/crates.io-index"
checksum = "45a9c21f8042b9857bda93f6c1910b9f9f24100187a3d3d52f214a34e3dc5818"
dependencies = [
 "cranelift-entity",
]

[[package]]
name = "cranelift-codegen"
version = "0.59.0"
source = "registry+https://github.com/rust-lang/crates.io-index"
checksum = "7853f77a6e4a33c67a69c40f5e1bb982bd2dc5c4a22e17e67b65bbccf9b33b2e"
dependencies = [
 "byteorder",
 "cranelift-bforest",
 "cranelift-codegen-meta",
 "cranelift-codegen-shared",
 "cranelift-entity",
 "gimli",
 "log",
 "smallvec",
 "target-lexicon",
 "thiserror",
]

[[package]]
name = "cranelift-codegen-meta"
version = "0.59.0"
source = "registry+https://github.com/rust-lang/crates.io-index"
checksum = "084cd6d5fb0d1da28acd72c199471bfb09acc703ec8f3bf07b1699584272a3b9"
dependencies = [
 "cranelift-codegen-shared",
 "cranelift-entity",
]

[[package]]
name = "cranelift-codegen-shared"
version = "0.59.0"
source = "registry+https://github.com/rust-lang/crates.io-index"
checksum = "701b599783305a58c25027a4d73f2d6b599b2d8ef3f26677275f480b4d51e05d"

[[package]]
name = "cranelift-entity"
version = "0.59.0"
source = "registry+https://github.com/rust-lang/crates.io-index"
checksum = "b88e792b28e1ebbc0187b72ba5ba880dad083abe9231a99d19604d10c9e73f38"

[[package]]
name = "cranelift-native"
version = "0.59.0"
source = "registry+https://github.com/rust-lang/crates.io-index"
checksum = "32daf082da21c0c05d93394ff4842c2ab7c4991b1f3186a1d952f8ac660edd0b"
dependencies = [
 "cranelift-codegen",
 "raw-cpuid",
 "target-lexicon",
]

[[package]]
name = "crossbeam-deque"
version = "0.7.3"
source = "registry+https://github.com/rust-lang/crates.io-index"
checksum = "9f02af974daeee82218205558e51ec8768b48cf524bd01d550abe5573a608285"
dependencies = [
 "crossbeam-epoch",
 "crossbeam-utils",
 "maybe-uninit",
]

[[package]]
name = "crossbeam-epoch"
version = "0.8.2"
source = "registry+https://github.com/rust-lang/crates.io-index"
checksum = "058ed274caafc1f60c4997b5fc07bf7dc7cca454af7c6e81edffe5f33f70dace"
dependencies = [
 "autocfg",
 "cfg-if",
 "crossbeam-utils",
 "lazy_static",
 "maybe-uninit",
 "memoffset",
 "scopeguard",
]

[[package]]
name = "crossbeam-queue"
version = "0.2.1"
source = "registry+https://github.com/rust-lang/crates.io-index"
checksum = "c695eeca1e7173472a32221542ae469b3e9aac3a4fc81f7696bcad82029493db"
dependencies = [
 "cfg-if",
 "crossbeam-utils",
]

[[package]]
name = "crossbeam-utils"
version = "0.7.2"
source = "registry+https://github.com/rust-lang/crates.io-index"
checksum = "c3c7c73a2d1e9fc0886a08b93e98eb643461230d5f1925e4036204d5f2e261a8"
dependencies = [
 "autocfg",
 "cfg-if",
 "lazy_static",
]

[[package]]
name = "crypto-mac"
version = "0.7.0"
source = "registry+https://github.com/rust-lang/crates.io-index"
checksum = "4434400df11d95d556bac068ddfedd482915eb18fe8bea89bc80b6e4b1c179e5"
dependencies = [
 "generic-array",
 "subtle",
]

[[package]]
name = "ctor"
version = "0.1.14"
source = "registry+https://github.com/rust-lang/crates.io-index"
checksum = "cf6b25ee9ac1995c54d7adb2eff8cfffb7260bc774fb63c601ec65467f43cd9d"
dependencies = [
 "quote",
 "syn",
]

[[package]]
name = "digest"
version = "0.8.1"
source = "registry+https://github.com/rust-lang/crates.io-index"
checksum = "f3d0c8c8752312f9713efd397ff63acb9f85585afbf179282e720e7704954dd5"
dependencies = [
 "generic-array",
]

[[package]]
name = "either"
version = "1.5.3"
source = "registry+https://github.com/rust-lang/crates.io-index"
checksum = "bb1f6b1ce1c140482ea30ddd3335fc0024ac7ee112895426e0a629a6c20adfe3"

[[package]]
name = "erased-serde"
version = "0.3.11"
source = "registry+https://github.com/rust-lang/crates.io-index"
checksum = "d88b6d1705e16a4d62e05ea61cc0496c2bd190f4fa8e5c1f11ce747be6bcf3d1"
dependencies = [
 "serde",
]

[[package]]
name = "errno"
version = "0.2.5"
source = "registry+https://github.com/rust-lang/crates.io-index"
checksum = "b480f641ccf0faf324e20c1d3e53d81b7484c698b42ea677f6907ae4db195371"
dependencies = [
 "errno-dragonfly",
 "libc",
 "winapi",
]

[[package]]
name = "errno-dragonfly"
version = "0.1.1"
source = "registry+https://github.com/rust-lang/crates.io-index"
checksum = "14ca354e36190500e1e1fb267c647932382b54053c50b14970856c0b00a35067"
dependencies = [
 "gcc",
 "libc",
]

[[package]]
name = "gcc"
version = "0.3.55"
source = "registry+https://github.com/rust-lang/crates.io-index"
checksum = "8f5f3913fa0bfe7ee1fd8248b6b9f42a5af4b9d65ec2dd2c3c26132b950ecfc2"

[[package]]
name = "generational-arena"
version = "0.2.7"
source = "registry+https://github.com/rust-lang/crates.io-index"
checksum = "0e40d0cee2e2fb4fba18b55a27bf96faf49fa86d49f178695bd3bf4500b156b4"
dependencies = [
 "cfg-if",
 "serde",
]

[[package]]
name = "generic-array"
version = "0.12.3"
source = "registry+https://github.com/rust-lang/crates.io-index"
checksum = "c68f0274ae0e023facc3c97b2e00f076be70e254bc851d972503b328db79b2ec"
dependencies = [
 "typenum",
]

[[package]]
name = "getrandom"
version = "0.1.14"
source = "registry+https://github.com/rust-lang/crates.io-index"
checksum = "7abc8dd8451921606d809ba32e95b6111925cd2906060d2dcc29c070220503eb"
dependencies = [
 "cfg-if",
 "libc",
 "wasi",
]

[[package]]
name = "ghost"
version = "0.1.1"
source = "registry+https://github.com/rust-lang/crates.io-index"
checksum = "2a36606a68532b5640dc86bb1f33c64b45c4682aad4c50f3937b317ea387f3d6"
dependencies = [
 "proc-macro2",
 "quote",
 "syn",
]

[[package]]
name = "gimli"
version = "0.20.0"
source = "registry+https://github.com/rust-lang/crates.io-index"
checksum = "81dd6190aad0f05ddbbf3245c54ed14ca4aa6dd32f22312b70d8f168c3e3e633"
dependencies = [
 "byteorder",
 "indexmap",
]

[[package]]
name = "hermit-abi"
version = "0.1.12"
source = "registry+https://github.com/rust-lang/crates.io-index"
checksum = "61565ff7aaace3525556587bd2dc31d4a07071957be715e63ce7b1eccf51a8f4"
dependencies = [
 "libc",
]

[[package]]
name = "hex"
version = "0.4.2"
source = "registry+https://github.com/rust-lang/crates.io-index"
checksum = "644f9158b2f133fd50f5fb3242878846d9eb792e445c893805ff0e3824006e35"

[[package]]
name = "indexmap"
version = "1.3.2"
source = "registry+https://github.com/rust-lang/crates.io-index"
checksum = "076f042c5b7b98f31d205f1249267e12a6518c1481e9dae9764af19b707d2292"
dependencies = [
 "autocfg",
 "serde",
]

[[package]]
name = "indoc"
version = "0.3.5"
source = "registry+https://github.com/rust-lang/crates.io-index"
checksum = "79255cf29f5711995ddf9ec261b4057b1deb34e66c90656c201e41376872c544"
dependencies = [
 "indoc-impl",
 "proc-macro-hack",
]

[[package]]
name = "indoc-impl"
version = "0.3.5"
source = "registry+https://github.com/rust-lang/crates.io-index"
checksum = "54554010aa3d17754e484005ea0022f1c93839aabc627c2c55f3d7b47206134c"
dependencies = [
 "proc-macro-hack",
 "proc-macro2",
 "quote",
 "syn",
 "unindent",
]

[[package]]
name = "inventory"
version = "0.1.6"
source = "registry+https://github.com/rust-lang/crates.io-index"
checksum = "82d3f4b90287725c97b17478c60dda0c6324e7c84ee1ed72fb9179d0fdf13956"
dependencies = [
 "ctor",
 "ghost",
 "inventory-impl",
]

[[package]]
name = "inventory-impl"
version = "0.1.6"
source = "registry+https://github.com/rust-lang/crates.io-index"
checksum = "9092a4fefc9d503e9287ef137f03180a6e7d1b04c419563171ee14947c5e80ec"
dependencies = [
 "proc-macro2",
 "quote",
 "syn",
]

[[package]]
name = "itoa"
version = "0.4.5"
source = "registry+https://github.com/rust-lang/crates.io-index"
checksum = "b8b7a7c0c47db5545ed3fef7468ee7bb5b74691498139e4b3f6a20685dc6dd8e"

[[package]]
name = "lazy_static"
version = "1.4.0"
source = "registry+https://github.com/rust-lang/crates.io-index"
checksum = "e2abad23fbc42b3700f2f279844dc832adb2b2eb069b2df918f455c4e18cc646"

[[package]]
name = "libc"
version = "0.2.69"
source = "registry+https://github.com/rust-lang/crates.io-index"
checksum = "99e85c08494b21a9054e7fe1374a732aeadaff3980b6990b94bfd3a70f690005"

[[package]]
name = "lock_api"
version = "0.3.4"
source = "registry+https://github.com/rust-lang/crates.io-index"
checksum = "c4da24a77a3d8a6d4862d95f72e6fdb9c09a643ecdb402d754004a557f2bec75"
dependencies = [
 "scopeguard",
]

[[package]]
name = "log"
version = "0.4.8"
source = "registry+https://github.com/rust-lang/crates.io-index"
checksum = "14b6052be84e6b71ab17edffc2eeabf5c2c3ae1fdb464aae35ac50c67a44e1f7"
dependencies = [
 "cfg-if",
]

[[package]]
name = "maybe-uninit"
version = "2.0.0"
source = "registry+https://github.com/rust-lang/crates.io-index"
checksum = "60302e4db3a61da70c0cb7991976248362f30319e88850c487b9b95bbf059e00"

[[package]]
name = "memmap"
version = "0.7.0"
source = "registry+https://github.com/rust-lang/crates.io-index"
checksum = "6585fd95e7bb50d6cc31e20d4cf9afb4e2ba16c5846fc76793f11218da9c475b"
dependencies = [
 "libc",
 "winapi",
]

[[package]]
name = "memoffset"
version = "0.5.4"
source = "registry+https://github.com/rust-lang/crates.io-index"
checksum = "b4fc2c02a7e374099d4ee95a193111f72d2110197fe200272371758f6c3643d8"
dependencies = [
 "autocfg",
]

[[package]]
name = "nix"
version = "0.15.0"
source = "registry+https://github.com/rust-lang/crates.io-index"
checksum = "3b2e0b4f3320ed72aaedb9a5ac838690a8047c7b275da22711fddff4f8a14229"
dependencies = [
 "bitflags",
 "cc",
 "cfg-if",
 "libc",
 "void",
]

[[package]]
name = "num-traits"
version = "0.2.11"
source = "registry+https://github.com/rust-lang/crates.io-index"
checksum = "c62be47e61d1842b9170f0fdeec8eba98e60e90e5446449a0545e5152acd7096"
dependencies = [
 "autocfg",
]

[[package]]
name = "num_cpus"
version = "1.13.0"
source = "registry+https://github.com/rust-lang/crates.io-index"
checksum = "05499f3756671c15885fee9034446956fff3f243d6077b91e5767df161f766b3"
dependencies = [
 "hermit-abi",
 "libc",
]

[[package]]
name = "page_size"
version = "0.4.2"
source = "registry+https://github.com/rust-lang/crates.io-index"
checksum = "eebde548fbbf1ea81a99b128872779c437752fb99f217c45245e1a61dcd9edcd"
dependencies = [
 "libc",
 "winapi",
]

[[package]]
name = "parking_lot"
version = "0.10.2"
source = "registry+https://github.com/rust-lang/crates.io-index"
checksum = "d3a704eb390aafdc107b0e392f56a82b668e3a71366993b5340f5833fd62505e"
dependencies = [
 "lock_api",
 "parking_lot_core",
]

[[package]]
name = "parking_lot_core"
version = "0.7.2"
source = "registry+https://github.com/rust-lang/crates.io-index"
checksum = "d58c7c768d4ba344e3e8d72518ac13e259d7c7ade24167003b8488e10b6740a3"
dependencies = [
 "cfg-if",
 "cloudabi",
 "libc",
 "redox_syscall",
 "smallvec",
 "winapi",
]

[[package]]
name = "paste"
version = "0.1.11"
source = "registry+https://github.com/rust-lang/crates.io-index"
checksum = "a3c897744f63f34f7ae3a024d9162bb5001f4ad661dd24bea0dc9f075d2de1c6"
dependencies = [
 "paste-impl",
 "proc-macro-hack",
]

[[package]]
name = "paste-impl"
version = "0.1.11"
source = "registry+https://github.com/rust-lang/crates.io-index"
checksum = "66fd6f92e3594f2dd7b3fc23e42d82e292f7bcda6d8e5dcd167072327234ab89"
dependencies = [
 "proc-macro-hack",
 "proc-macro2",
 "quote",
 "syn",
]

[[package]]
name = "proc-macro-hack"
version = "0.5.15"
source = "registry+https://github.com/rust-lang/crates.io-index"
checksum = "0d659fe7c6d27f25e9d80a1a094c223f5246f6a6596453e09d7229bf42750b63"

[[package]]
name = "proc-macro2"
version = "1.0.10"
source = "registry+https://github.com/rust-lang/crates.io-index"
checksum = "df246d292ff63439fea9bc8c0a270bed0e390d5ebd4db4ba15aba81111b5abe3"
dependencies = [
 "unicode-xid",
]

[[package]]
name = "pyo3"
version = "0.9.2"
source = "registry+https://github.com/rust-lang/crates.io-index"
checksum = "7028df4086f1e488a6192932e86de604077ef6b06eac2b0f159a3082c7450c58"
dependencies = [
 "indoc",
 "inventory",
 "libc",
 "num-traits",
 "parking_lot",
 "paste",
 "pyo3cls",
 "regex",
 "serde",
 "serde_json",
 "unindent",
 "version_check",
]

[[package]]
name = "pyo3-derive-backend"
version = "0.9.2"
source = "registry+https://github.com/rust-lang/crates.io-index"
checksum = "4e3c7aaceb685d2560b7c3fc46c152464c181de2baf44e57119ce43d712d1b64"
dependencies = [
 "proc-macro2",
 "quote",
 "syn",
]

[[package]]
name = "pyo3cls"
version = "0.9.2"
source = "registry+https://github.com/rust-lang/crates.io-index"
checksum = "053d66146897d823e8d228758fb0aefac18e8a3024585a1640dbbe885c1b07a1"
dependencies = [
 "pyo3-derive-backend",
 "quote",
 "syn",
]

[[package]]
name = "quote"
version = "1.0.3"
source = "registry+https://github.com/rust-lang/crates.io-index"
checksum = "2bdc6c187c65bca4260c9011c9e3132efe4909da44726bad24cf7572ae338d7f"
dependencies = [
 "proc-macro2",
]

[[package]]
name = "raw-cpuid"
version = "7.0.3"
source = "registry+https://github.com/rust-lang/crates.io-index"
checksum = "b4a349ca83373cfa5d6dbb66fd76e58b2cca08da71a5f6400de0a0a6a9bceeaf"
dependencies = [
 "bitflags",
 "cc",
 "rustc_version",
]

[[package]]
name = "rayon"
version = "1.3.0"
source = "registry+https://github.com/rust-lang/crates.io-index"
checksum = "db6ce3297f9c85e16621bb8cca38a06779ffc31bb8184e1be4bed2be4678a098"
dependencies = [
 "crossbeam-deque",
 "either",
 "rayon-core",
]

[[package]]
name = "rayon-core"
version = "1.7.0"
source = "registry+https://github.com/rust-lang/crates.io-index"
checksum = "08a89b46efaf957e52b18062fb2f4660f8b8a4dde1807ca002690868ef2c85a9"
dependencies = [
 "crossbeam-deque",
 "crossbeam-queue",
 "crossbeam-utils",
 "lazy_static",
 "num_cpus",
]

[[package]]
name = "redox_syscall"
version = "0.1.56"
source = "registry+https://github.com/rust-lang/crates.io-index"
checksum = "2439c63f3f6139d1b57529d16bc3b8bb855230c8efcc5d3a896c8bea7c3b1e84"

[[package]]
name = "regex"
version = "1.3.7"
source = "registry+https://github.com/rust-lang/crates.io-index"
checksum = "a6020f034922e3194c711b82a627453881bc4682166cabb07134a10c26ba7692"
dependencies = [
 "regex-syntax",
]

[[package]]
name = "regex-syntax"
version = "0.6.17"
source = "registry+https://github.com/rust-lang/crates.io-index"
checksum = "7fe5bd57d1d7414c6b5ed48563a2c855d995ff777729dcd91c369ec7fea395ae"

[[package]]
name = "rustc_version"
version = "0.2.3"
source = "registry+https://github.com/rust-lang/crates.io-index"
checksum = "138e3e0acb6c9fb258b19b67cb8abd63c00679d2851805ea151465464fe9030a"
dependencies = [
 "semver",
]

[[package]]
name = "ryu"
version = "1.0.4"
source = "registry+https://github.com/rust-lang/crates.io-index"
checksum = "ed3d612bc64430efeb3f7ee6ef26d590dce0c43249217bddc62112540c7941e1"

[[package]]
name = "scopeguard"
version = "1.1.0"
source = "registry+https://github.com/rust-lang/crates.io-index"
checksum = "d29ab0c6d3fc0ee92fe66e2d99f700eab17a8d57d1c1d3b748380fb20baa78cd"

[[package]]
name = "semver"
version = "0.9.0"
source = "registry+https://github.com/rust-lang/crates.io-index"
checksum = "1d7eb9ef2c18661902cc47e535f9bc51b78acd254da71d375c2f6720d9a40403"
dependencies = [
 "semver-parser",
]

[[package]]
name = "semver-parser"
version = "0.7.0"
source = "registry+https://github.com/rust-lang/crates.io-index"
checksum = "388a1df253eca08550bef6c72392cfe7c30914bf41df5269b68cbd6ff8f570a3"

[[package]]
name = "serde"
version = "1.0.106"
source = "registry+https://github.com/rust-lang/crates.io-index"
checksum = "36df6ac6412072f67cf767ebbde4133a5b2e88e76dc6187fa7104cd16f783399"
dependencies = [
 "serde_derive",
]

[[package]]
name = "serde-bench"
version = "0.0.7"
source = "registry+https://github.com/rust-lang/crates.io-index"
checksum = "d733da87e79faaac25616e33d26299a41143fd4cd42746cbb0e91d8feea243fd"
dependencies = [
 "byteorder",
 "serde",
]

[[package]]
name = "serde_bytes"
version = "0.11.3"
source = "registry+https://github.com/rust-lang/crates.io-index"
checksum = "325a073952621257820e7a3469f55ba4726d8b28657e7e36653d1c36dc2c84ae"
dependencies = [
 "serde",
]

[[package]]
name = "serde_derive"
version = "1.0.106"
source = "registry+https://github.com/rust-lang/crates.io-index"
checksum = "9e549e3abf4fb8621bd1609f11dfc9f5e50320802273b12f3811a67e6716ea6c"
dependencies = [
 "proc-macro2",
 "quote",
 "syn",
]

[[package]]
name = "serde_json"
version = "1.0.51"
source = "registry+https://github.com/rust-lang/crates.io-index"
checksum = "da07b57ee2623368351e9a0488bb0b261322a15a6e0ae53e243cbdc0f4208da9"
dependencies = [
 "itoa",
 "ryu",
 "serde",
]

[[package]]
name = "smallvec"
version = "1.4.0"
source = "registry+https://github.com/rust-lang/crates.io-index"
checksum = "c7cb5678e1615754284ec264d9bb5b4c27d2018577fd90ac0ceb578591ed5ee4"

[[package]]
name = "subtle"
version = "1.0.0"
source = "registry+https://github.com/rust-lang/crates.io-index"
checksum = "2d67a5a62ba6e01cb2192ff309324cb4875d0c451d55fe2319433abe7a05a8ee"

[[package]]
name = "syn"
version = "1.0.18"
source = "registry+https://github.com/rust-lang/crates.io-index"
checksum = "410a7488c0a728c7ceb4ad59b9567eb4053d02e8cc7f5c0e0eeeb39518369213"
dependencies = [
 "proc-macro2",
 "quote",
 "unicode-xid",
]

[[package]]
name = "target-lexicon"
version = "0.10.0"
source = "registry+https://github.com/rust-lang/crates.io-index"
checksum = "ab0e7238dcc7b40a7be719a25365910f6807bd864f4cce6b2e6b873658e2b19d"

[[package]]
name = "thiserror"
version = "1.0.15"
source = "registry+https://github.com/rust-lang/crates.io-index"
checksum = "54b3d3d2ff68104100ab257bb6bb0cb26c901abe4bd4ba15961f3bf867924012"
dependencies = [
 "thiserror-impl",
]

[[package]]
name = "thiserror-impl"
version = "1.0.15"
source = "registry+https://github.com/rust-lang/crates.io-index"
checksum = "ca972988113b7715266f91250ddb98070d033c62a011fa0fcc57434a649310dd"
dependencies = [
 "proc-macro2",
 "quote",
 "syn",
]

[[package]]
name = "time"
version = "0.1.43"
source = "registry+https://github.com/rust-lang/crates.io-index"
checksum = "ca8a50ef2360fbd1eeb0ecd46795a87a19024eb4b53c5dc916ca1fd95fe62438"
dependencies = [
 "libc",
 "winapi",
]

[[package]]
name = "typenum"
version = "1.12.0"
source = "registry+https://github.com/rust-lang/crates.io-index"
checksum = "373c8a200f9e67a0c95e62a4f52fbf80c23b4381c05a17845531982fa99e6b33"

[[package]]
name = "typetag"
version = "0.1.4"
source = "registry+https://github.com/rust-lang/crates.io-index"
checksum = "6ebb2c484029d695fb68a06d80e1536c68d491b3e0cf874c66abed255e831cfe"
dependencies = [
 "erased-serde",
 "inventory",
 "lazy_static",
 "serde",
 "typetag-impl",
]

[[package]]
name = "typetag-impl"
version = "0.1.4"
source = "registry+https://github.com/rust-lang/crates.io-index"
checksum = "b63fd4799e4d0ec5cf0b055ebb8e2c3a657bbf76a84f6edc77ca60780e000204"
dependencies = [
 "proc-macro2",
 "quote",
 "syn",
]

[[package]]
name = "unicode-xid"
version = "0.2.0"
source = "registry+https://github.com/rust-lang/crates.io-index"
checksum = "826e7639553986605ec5979c7dd957c7895e93eabed50ab2ffa7f6128a75097c"

[[package]]
name = "unindent"
version = "0.1.5"
source = "registry+https://github.com/rust-lang/crates.io-index"
checksum = "63f18aa3b0e35fed5a0048f029558b1518095ffe2a0a31fb87c93dece93a4993"

[[package]]
name = "version_check"
version = "0.9.1"
source = "registry+https://github.com/rust-lang/crates.io-index"
checksum = "078775d0255232fb988e6fccf26ddc9d1ac274299aaedcedce21c6f72cc533ce"

[[package]]
name = "void"
version = "1.0.2"
source = "registry+https://github.com/rust-lang/crates.io-index"
checksum = "6a02e4885ed3bc0f2de90ea6dd45ebcbb66dacffe03547fadbb0eeae2770887d"

[[package]]
name = "wasi"
version = "0.9.0+wasi-snapshot-preview1"
source = "registry+https://github.com/rust-lang/crates.io-index"
checksum = "cccddf32554fecc6acb585f82a32a72e28b48f8c4c1883ddfeeeaa96f7d8e519"

[[package]]
name = "wasmer"
version = "0.4.1"
dependencies = [
 "pyo3",
 "wasmer-runtime",
 "wasmer-runtime-core",
 "wasmer-wasi",
]

[[package]]
name = "wasmer-clif-backend"
version = "0.16.2"
source = "git+https://github.com/wasmerio/wasmer#ab106af422a5c9e263d08c1f8a8ae1fd859e55b8"
dependencies = [
 "byteorder",
 "cranelift-codegen",
 "cranelift-entity",
 "cranelift-native",
 "libc",
 "nix",
 "rayon",
 "serde",
 "serde-bench",
 "serde_bytes",
 "serde_derive",
 "target-lexicon",
 "wasmer-clif-fork-frontend",
 "wasmer-clif-fork-wasm",
 "wasmer-runtime-core",
 "wasmer-win-exception-handler",
 "wasmparser",
 "winapi",
]

[[package]]
name = "wasmer-clif-fork-frontend"
version = "0.59.0"
source = "registry+https://github.com/rust-lang/crates.io-index"
checksum = "c23f2824f354a00a77e4b040eef6e1d4c595a8a3e9013bad65199cc8dade9a5a"
dependencies = [
 "cranelift-codegen",
 "log",
 "smallvec",
 "target-lexicon",
]

[[package]]
name = "wasmer-clif-fork-wasm"
version = "0.59.0"
source = "registry+https://github.com/rust-lang/crates.io-index"
checksum = "a35e21d3aebc51cc6ebc0e830cf8458a9891c3482fb3c65ad18d408102929ae5"
dependencies = [
 "cranelift-codegen",
 "cranelift-entity",
 "log",
 "thiserror",
 "wasmer-clif-fork-frontend",
 "wasmparser",
]

[[package]]
name = "wasmer-runtime"
version = "0.16.2"
source = "git+https://github.com/wasmerio/wasmer#ab106af422a5c9e263d08c1f8a8ae1fd859e55b8"
dependencies = [
 "lazy_static",
 "memmap",
 "serde",
 "serde_derive",
 "wasmer-clif-backend",
 "wasmer-runtime-core",
]

[[package]]
name = "wasmer-runtime-core"
version = "0.16.2"
source = "git+https://github.com/wasmerio/wasmer#ab106af422a5c9e263d08c1f8a8ae1fd859e55b8"
dependencies = [
 "bincode",
 "blake3",
 "cc",
 "digest",
 "errno",
 "hex",
 "indexmap",
 "lazy_static",
 "libc",
 "nix",
 "page_size",
 "parking_lot",
 "rustc_version",
 "serde",
 "serde-bench",
 "serde_bytes",
 "serde_derive",
 "smallvec",
 "target-lexicon",
 "wasmparser",
 "winapi",
]

[[package]]
name = "wasmer-wasi"
version = "0.16.2"
source = "git+https://github.com/wasmerio/wasmer#ab106af422a5c9e263d08c1f8a8ae1fd859e55b8"
dependencies = [
 "bincode",
 "byteorder",
 "generational-arena",
 "getrandom",
 "libc",
 "log",
 "serde",
 "thiserror",
 "time",
 "typetag",
 "wasmer-runtime-core",
 "winapi",
]

[[package]]
name = "wasmer-win-exception-handler"
version = "0.16.2"
source = "git+https://github.com/wasmerio/wasmer#ab106af422a5c9e263d08c1f8a8ae1fd859e55b8"
dependencies = [
 "cc",
 "libc",
 "wasmer-runtime-core",
 "winapi",
]

[[package]]
name = "wasmparser"
version = "0.51.4"
source = "registry+https://github.com/rust-lang/crates.io-index"
checksum = "aeb1956b19469d1c5e63e459d29e7b5aa0f558d9f16fcef09736f8a265e6c10a"

[[package]]
name = "winapi"
version = "0.3.8"
source = "registry+https://github.com/rust-lang/crates.io-index"
checksum = "8093091eeb260906a183e6ae1abdba2ef5ef2257a21801128899c3fc699229c6"
dependencies = [
 "winapi-i686-pc-windows-gnu",
 "winapi-x86_64-pc-windows-gnu",
]

[[package]]
name = "winapi-i686-pc-windows-gnu"
version = "0.4.0"
source = "registry+https://github.com/rust-lang/crates.io-index"
checksum = "ac3b87c63620426dd9b991e5ce0329eff545bccbbb34f3be09ff6fb6ab51b7b6"

[[package]]
name = "winapi-x86_64-pc-windows-gnu"
version = "0.4.0"
source = "registry+https://github.com/rust-lang/crates.io-index"
checksum = "712e227841d057c1ee1cd2fb22fa7e5a5461ae8e48fa2ca79ec42cfc1931183f"
